
Microsoft Visual Studio Solution File, Format Version 12.00
# Visual Studio Version 16
VisualStudioVersion = 16.0.30503.244
MinimumVisualStudioVersion = 10.0.40219.1
Project("{FAE04EC0-301F-11D3-BF4B-00C04F79EFBC}") = "WebMotorsDesafio", "WebMotorsDesafio\WebMotorsDesafio.csproj", "{444F5E4E-2F92-4198-9121-0CF4A613777A}"
EndProject
Global
	GlobalSection(SolutionConfigurationPlatforms) = preSolution
		Debug|Any CPU = Debug|Any CPU
		Release|Any CPU = Release|Any CPU
	EndGlobalSection
	GlobalSection(ProjectConfigurationPlatforms) = postSolution
		{444F5E4E-2F92-4198-9121-0CF4A613777A}.Debug|Any CPU.ActiveCfg = Debug|Any CPU
		{444F5E4E-2F92-4198-9121-0CF4A613777A}.Debug|Any CPU.Build.0 = Debug|Any CPU
		{444F5E4E-2F92-4198-9121-0CF4A613777A}.Release|Any CPU.ActiveCfg = Release|Any CPU
		{444F5E4E-2F92-4198-9121-0CF4A613777A}.Release|Any CPU.Build.0 = Release|Any CPU
	EndGlobalSection
	GlobalSection(SolutionProperties) = preSolution
		HideSolutionNode = FALSE
	EndGlobalSection
	GlobalSection(ExtensibilityGlobals) = postSolution
		SolutionGuid = {253B0007-4F30-4589-8F60-707AFBFD5F54}
	EndGlobalSection
EndGlobal
